// !$*UTF8*$!
{
	archiveVersion = 1;
	classes = {
	};
	objectVersion = 50;
	objects = {

/* Begin PBXBuildFile section */
		2D7E1B5A25D07CF300439293 /* AppDelegate.swift in Sources */ = {isa = PBXBuildFile; fileRef = 2D7E1B5925D07CF300439293 /* AppDelegate.swift */; };
		2D7E1B5C25D07CF300439293 /* SceneDelegate.swift in Sources */ = {isa = PBXBuildFile; fileRef = 2D7E1B5B25D07CF300439293 /* SceneDelegate.swift */; };
		2D7E1B5E25D07CF300439293 /* ViewController.swift in Sources */ = {isa = PBXBuildFile; fileRef = 2D7E1B5D25D07CF300439293 /* ViewController.swift */; };
		2D7E1B6325D07CF900439293 /* Assets.xcassets in Resources */ = {isa = PBXBuildFile; fileRef = 2D7E1B6225D07CF900439293 /* Assets.xcassets */; };
		2D7E1B6625D07CF900439293 /* LaunchScreen.storyboard in Resources */ = {isa = PBXBuildFile; fileRef = 2D7E1B6425D07CF900439293 /* LaunchScreen.storyboard */; };
		2D7E1B7125D07CF900439293 /* grocery_listTests.swift in Sources */ = {isa = PBXBuildFile; fileRef = 2D7E1B7025D07CF900439293 /* grocery_listTests.swift */; };
		2D7E1B7C25D07CF900439293 /* grocery_listUITests.swift in Sources */ = {isa = PBXBuildFile; fileRef = 2D7E1B7B25D07CF900439293 /* grocery_listUITests.swift */; };
/* End PBXBuildFile section */

/* Begin PBXContainerItemProxy section */
		2D7E1B6D25D07CF900439293 /* PBXContainerItemProxy */ = {
			isa = PBXContainerItemProxy;
			containerPortal = 2D7E1B4E25D07CF300439293 /* Project object */;
			proxyType = 1;
			remoteGlobalIDString = 2D7E1B5525D07CF300439293;
			remoteInfo = "grocery list";
		};
		2D7E1B7825D07CF900439293 /* PBXContainerItemProxy */ = {
			isa = PBXContainerItemProxy;
			containerPortal = 2D7E1B4E25D07CF300439293 /* Project object */;
			proxyType = 1;
			remoteGlobalIDString = 2D7E1B5525D07CF300439293;
			remoteInfo = "grocery list";
		};
/* End PBXContainerItemProxy section */

/* Begin PBXFileReference section */
		2D7E1B5625D07CF300439293 /* grocery list.app */ = {isa = PBXFileReference; explicitFileType = wrapper.application; includeInIndex = 0; path = "grocery list.app"; sourceTree = BUILT_PRODUCTS_DIR; };
		2D7E1B5925D07CF300439293 /* AppDelegate.swift */ = {isa = PBXFileReference; lastKnownFileType = sourcecode.swift; path = AppDelegate.swift; sourceTree = "<group>"; };
		2D7E1B5B25D07CF300439293 /* SceneDelegate.swift */ = {isa = PBXFileReference; lastKnownFileType = sourcecode.swift; path = SceneDelegate.swift; sourceTree = "<group>"; };
		2D7E1B5D25D07CF300439293 /* ViewController.swift */ = {isa = PBXFileReference; lastKnownFileType = sourcecode.swift; path = ViewController.swift; sourceTree = "<group>"; };
		2D7E1B6225D07CF900439293 /* Assets.xcassets */ = {isa = PBXFileReference; lastKnownFileType = folder.assetcatalog; path = Assets.xcassets; sourceTree = "<group>"; };
		2D7E1B6525D07CF900439293 /* Base */ = {isa = PBXFileReference; lastKnownFileType = file.storyboard; name = Base; path = Base.lproj/LaunchScreen.storyboard; sourceTree = "<group>"; };
		2D7E1B6725D07CF900439293 /* Info.plist */ = {isa = PBXFileReference; lastKnownFileType = text.plist.xml; path = Info.plist; sourceTree = "<group>"; };
		2D7E1B6C25D07CF900439293 /* grocery listTests.xctest */ = {isa = PBXFileReference; explicitFileType = wrapper.cfbundle; includeInIndex = 0; path = "grocery listTests.xctest"; sourceTree = BUILT_PRODUCTS_DIR; };
		2D7E1B7025D07CF900439293 /* grocery_listTests.swift */ = {isa = PBXFileReference; lastKnownFileType = sourcecode.swift; path = grocery_listTests.swift; sourceTree = "<group>"; };
		2D7E1B7225D07CF900439293 /* Info.plist */ = {isa = PBXFileReference; lastKnownFileType = text.plist.xml; path = Info.plist; sourceTree = "<group>"; };
		2D7E1B7725D07CF900439293 /* grocery listUITests.xctest */ = {isa = PBXFileReference; explicitFileType = wrapper.cfbundle; includeInIndex = 0; path = "grocery listUITests.xctest"; sourceTree = BUILT_PRODUCTS_DIR; };
		2D7E1B7B25D07CF900439293 /* grocery_listUITests.swift */ = {isa = PBXFileReference; lastKnownFileType = sourcecode.swift; path = grocery_listUITests.swift; sourceTree = "<group>"; };
		2D7E1B7D25D07CF900439293 /* Info.plist */ = {isa = PBXFileReference; lastKnownFileType = text.plist.xml; path = Info.plist; sourceTree = "<group>"; };
/* End PBXFileReference section */

/* Begin PBXFrameworksBuildPhase section */
		2D7E1B5325D07CF300439293 /* Frameworks */ = {
			isa = PBXFrameworksBuildPhase;
			buildActionMask = 2147483647;
			files = (
			);
			runOnlyForDeploymentPostprocessing = 0;
		};
		2D7E1B6925D07CF900439293 /* Frameworks */ = {
			isa = PBXFrameworksBuildPhase;
			buildActionMask = 2147483647;
			files = (
			);
			runOnlyForDeploymentPostprocessing = 0;
		};
		2D7E1B7425D07CF900439293 /* Frameworks */ = {
			isa = PBXFrameworksBuildPhase;
			buildActionMask = 2147483647;
			files = (
			);
			runOnlyForDeploymentPostprocessing = 0;
		};
/* End PBXFrameworksBuildPhase section */

/* Begin PBXGroup section */
		2D7E1B4D25D07CF300439293 = {
			isa = PBXGroup;
			children = (
				2D7E1B5825D07CF300439293 /* grocery list */,
				2D7E1B6F25D07CF900439293 /* grocery listTests */,
				2D7E1B7A25D07CF900439293 /* grocery listUITests */,
				2D7E1B5725D07CF300439293 /* Products */,
			);
			sourceTree = "<group>";
		};
		2D7E1B5725D07CF300439293 /* Products */ = {
			isa = PBXGroup;
			children = (
				2D7E1B5625D07CF300439293 /* grocery list.app */,
				2D7E1B6C25D07CF900439293 /* grocery listTests.xctest */,
				2D7E1B7725D07CF900439293 /* grocery listUITests.xctest */,
			);
			name = Products;
			sourceTree = "<group>";
		};
		2D7E1B5825D07CF300439293 /* grocery list */ = {
			isa = PBXGroup;
			children = (
				2D7E1B5925D07CF300439293 /* AppDelegate.swift */,
				2D7E1B5B25D07CF300439293 /* SceneDelegate.swift */,
				2D7E1B5D25D07CF300439293 /* ViewController.swift */,
				2D7E1B6225D07CF900439293 /* Assets.xcassets */,
				2D7E1B6425D07CF900439293 /* LaunchScreen.storyboard */,
				2D7E1B6725D07CF900439293 /* Info.plist */,
			);
			path = "grocery list";
			sourceTree = "<group>";
		};
		2D7E1B6F25D07CF900439293 /* grocery listTests */ = {
			isa = PBXGroup;
			children = (
				2D7E1B7025D07CF900439293 /* grocery_listTests.swift */,
				2D7E1B7225D07CF900439293 /* Info.plist */,
			);
			path = "grocery listTests";
			sourceTree = "<group>";
		};
		2D7E1B7A25D07CF900439293 /* grocery listUITests */ = {
			isa = PBXGroup;
			children = (
				2D7E1B7B25D07CF900439293 /* grocery_listUITests.swift */,
				2D7E1B7D25D07CF900439293 /* Info.plist */,
			);
			path = "grocery listUITests";
			sourceTree = "<group>";
		};
/* End PBXGroup section */

/* Begin PBXNativeTarget section */
		2D7E1B5525D07CF300439293 /* grocery list */ = {
			isa = PBXNativeTarget;
			buildConfigurationList = 2D7E1B8025D07CF900439293 /* Build configuration list for PBXNativeTarget "grocery list" */;
			buildPhases = (
				2D7E1B5225D07CF300439293 /* Sources */,
				2D7E1B5325D07CF300439293 /* Frameworks */,
				2D7E1B5425D07CF300439293 /* Resources */,
			);
			buildRules = (
			);
			dependencies = (
			);
			name = "grocery list";
			productName = "grocery list";
			productReference = 2D7E1B5625D07CF300439293 /* grocery list.app */;
			productType = "com.apple.product-type.application";
		};
		2D7E1B6B25D07CF900439293 /* grocery listTests */ = {
			isa = PBXNativeTarget;
			buildConfigurationList = 2D7E1B8325D07CF900439293 /* Build configuration list for PBXNativeTarget "grocery listTests" */;
			buildPhases = (
				2D7E1B6825D07CF900439293 /* Sources */,
				2D7E1B6925D07CF900439293 /* Frameworks */,
				2D7E1B6A25D07CF900439293 /* Resources */,
			);
			buildRules = (
			);
			dependencies = (
				2D7E1B6E25D07CF900439293 /* PBXTargetDependency */,
			);
			name = "grocery listTests";
			productName = "grocery listTests";
			productReference = 2D7E1B6C25D07CF900439293 /* grocery listTests.xctest */;
			productType = "com.apple.product-type.bundle.unit-test";
		};
		2D7E1B7625D07CF900439293 /* grocery listUITests */ = {
			isa = PBXNativeTarget;
			buildConfigurationList = 2D7E1B8625D07CF900439293 /* Build configuration list for PBXNativeTarget "grocery listUITests" */;
			buildPhases = (
				2D7E1B7325D07CF900439293 /* Sources */,
				2D7E1B7425D07CF900439293 /* Frameworks */,
				2D7E1B7525D07CF900439293 /* Resources */,
			);
			buildRules = (
			);
			dependencies = (
				2D7E1B7925D07CF900439293 /* PBXTargetDependency */,
			);
			name = "grocery listUITests";
			productName = "grocery listUITests";
			productReference = 2D7E1B7725D07CF900439293 /* grocery listUITests.xctest */;
			productType = "com.apple.product-type.bundle.ui-testing";
		};
/* End PBXNativeTarget section */

/* Begin PBXProject section */
		2D7E1B4E25D07CF300439293 /* Project object */ = {
			isa = PBXProject;
			attributes = {
				LastSwiftUpdateCheck = 1240;
				LastUpgradeCheck = 1240;
				TargetAttributes = {
					2D7E1B5525D07CF300439293 = {
						CreatedOnToolsVersion = 12.4;
					};
					2D7E1B6B25D07CF900439293 = {
						CreatedOnToolsVersion = 12.4;
						TestTargetID = 2D7E1B5525D07CF300439293;
					};
					2D7E1B7625D07CF900439293 = {
						CreatedOnToolsVersion = 12.4;
						TestTargetID = 2D7E1B5525D07CF300439293;
					};
				};
			};
			buildConfigurationList = 2D7E1B5125D07CF300439293 /* Build configuration list for PBXProject "grocery list" */;
			compatibilityVersion = "Xcode 9.3";
			developmentRegion = en;
			hasScannedForEncodings = 0;
			knownRegions = (
				en,
				Base,
			);
			mainGroup = 2D7E1B4D25D07CF300439293;
			productRefGroup = 2D7E1B5725D07CF300439293 /* Products */;
			projectDirPath = "";
			projectRoot = "";
			targets = (
				2D7E1B5525D07CF300439293 /* grocery list */,
				2D7E1B6B25D07CF900439293 /* grocery listTests */,
				2D7E1B7625D07CF900439293 /* grocery listUITests */,
			);
		};
/* End PBXProject section */

/* Begin PBXResourcesBuildPhase section */
		2D7E1B5425D07CF300439293 /* Resources */ = {
			isa = PBXResourcesBuildPhase;
			buildActionMask = 2147483647;
			files = (
				2D7E1B6625D07CF900439293 /* LaunchScreen.storyboard in Resources */,
				2D7E1B6325D07CF900439293 /* Assets.xcassets in Resources */,
			);
			runOnlyForDeploymentPostprocessing = 0;
		};
		2D7E1B6A25D07CF900439293 /* Resources */ = {
			isa = PBXResourcesBuildPhase;
			buildActionMask = 2147483647;
			files = (
			);
			runOnlyForDeploymentPostprocessing = 0;
		};
		2D7E1B7525D07CF900439293 /* Resources */ = {
			isa = PBXResourcesBuildPhase;
			buildActionMask = 2147483647;
			files = (
			);
			runOnlyForDeploymentPostprocessing = 0;
		};
/* End PBXResourcesBuildPhase section */

/* Begin PBXSourcesBuildPhase section */
		2D7E1B5225D07CF300439293 /* Sources */ = {
			isa = PBXSourcesBuildPhase;
			buildActionMask = 2147483647;
			files = (
				2D7E1B5E25D07CF300439293 /* ViewController.swift in Sources */,
				2D7E1B5A25D07CF300439293 /* AppDelegate.swift in Sources */,
				2D7E1B5C25D07CF300439293 /* SceneDelegate.swift in Sources */,
			);
			runOnlyForDeploymentPostprocessing = 0;
		};
		2D7E1B6825D07CF900439293 /* Sources */ = {
			isa = PBXSourcesBuildPhase;
			buildActionMask = 2147483647;
			files = (
				2D7E1B7125D07CF900439293 /* grocery_listTests.swift in Sources */,
			);
			runOnlyForDeploymentPostprocessing = 0;
		};
		2D7E1B7325D07CF900439293 /* Sources */ = {
			isa = PBXSourcesBuildPhase;
			buildActionMask = 2147483647;
			files = (
				2D7E1B7C25D07CF900439293 /* grocery_listUITests.swift in Sources */,
			);
			runOnlyForDeploymentPostprocessing = 0;
		};
/* End PBXSourcesBuildPhase section */

/* Begin PBXTargetDependency section */
		2D7E1B6E25D07CF900439293 /* PBXTargetDependency */ = {
			isa = PBXTargetDependency;
			target = 2D7E1B5525D07CF300439293 /* grocery list */;
			targetProxy = 2D7E1B6D25D07CF900439293 /* PBXContainerItemProxy */;
		};
		2D7E1B7925D07CF900439293 /* PBXTargetDependency */ = {
			isa = PBXTargetDependency;
			target = 2D7E1B5525D07CF300439293 /* grocery list */;
			targetProxy = 2D7E1B7825D07CF900439293 /* PBXContainerItemProxy */;
		};
/* End PBXTargetDependency section */

/* Begin PBXVariantGroup section */
		2D7E1B6425D07CF900439293 /* LaunchScreen.storyboard */ = {
			isa = PBXVariantGroup;
			children = (
				2D7E1B6525D07CF900439293 /* Base */,
			);
			name = LaunchScreen.storyboard;
			sourceTree = "<group>";
		};
/* End PBXVariantGroup section */

/* Begin XCBuildConfiguration section */
		2D7E1B7E25D07CF900439293 /* Debug */ = {
			isa = XCBuildConfiguration;
			buildSettings = {
				ALWAYS_SEARCH_USER_PATHS = NO;
				CLANG_ANALYZER_NONNULL = YES;
				CLANG_ANALYZER_NUMBER_OBJECT_CONVERSION = YES_AGGRESSIVE;
				CLANG_CXX_LANGUAGE_STANDARD = "gnu++14";
				CLANG_CXX_LIBRARY = "libc++";
				CLANG_ENABLE_MODULES = YES;
				CLANG_ENABLE_OBJC_ARC = YES;
				CLANG_ENABLE_OBJC_WEAK = YES;
				CLANG_WARN_BLOCK_CAPTURE_AUTORELEASING = YES;
				CLANG_WARN_BOOL_CONVERSION = YES;
				CLANG_WARN_COMMA = YES;
				CLANG_WARN_CONSTANT_CONVERSION = YES;
				CLANG_WARN_DEPRECATED_OBJC_IMPLEMENTATIONS = YES;
				CLANG_WARN_DIRECT_OBJC_ISA_USAGE = YES_ERROR;
				CLANG_WARN_DOCUMENTATION_COMMENTS = YES;
				CLANG_WARN_EMPTY_BODY = YES;
				CLANG_WARN_ENUM_CONVERSION = YES;
				CLANG_WARN_INFINITE_RECURSION = YES;
				CLANG_WARN_INT_CONVERSION = YES;
				CLANG_WARN_NON_LITERAL_NULL_CONVERSION = YES;
				CLANG_WARN_OBJC_IMPLICIT_RETAIN_SELF = YES;
				CLANG_WARN_OBJC_LITERAL_CONVERSION = YES;
				CLANG_WARN_OBJC_ROOT_CLASS = YES_ERROR;
				CLANG_WARN_QUOTED_INCLUDE_IN_FRAMEWORK_HEADER = YES;
				CLANG_WARN_RANGE_LOOP_ANALYSIS = YES;
				CLANG_WARN_STRICT_PROTOTYPES = YES;
				CLANG_WARN_SUSPICIOUS_MOVE = YES;
				CLANG_WARN_UNGUARDED_AVAILABILITY = YES_AGGRESSIVE;
				CLANG_WARN_UNREACHABLE_CODE = YES;
				CLANG_WARN__DUPLICATE_METHOD_MATCH = YES;
				COPY_PHASE_STRIP = NO;
				DEBUG_INFORMATION_FORMAT = dwarf;
				ENABLE_STRICT_OBJC_MSGSEND = YES;
				ENABLE_TESTABILITY = YES;
				GCC_C_LANGUAGE_STANDARD = gnu11;
				GCC_DYNAMIC_NO_PIC = NO;
				GCC_NO_COMMON_BLOCKS = YES;
				GCC_OPTIMIZATION_LEVEL = 0;
				GCC_PREPROCESSOR_DEFINITIONS = (
					"DEBUG=1",
					"$(inherited)",
				);
				GCC_WARN_64_TO_32_BIT_CONVERSION = YES;
				GCC_WARN_ABOUT_RETURN_TYPE = YES_ERROR;
				GCC_WARN_UNDECLARED_SELECTOR = YES;
				GCC_WARN_UNINITIALIZED_AUTOS = YES_AGGRESSIVE;
				GCC_WARN_UNUSED_FUNCTION = YES;
				GCC_WARN_UNUSED_VARIABLE = YES;
				IPHONEOS_DEPLOYMENT_TARGET = 14.4;
				MTL_ENABLE_DEBUG_INFO = INCLUDE_SOURCE;
				MTL_FAST_MATH = YES;
				ONLY_ACTIVE_ARCH = YES;
				SDKROOT = iphoneos;
				SWIFT_ACTIVE_COMPILATION_CONDITIONS = DEBUG;
				SWIFT_OPTIMIZATION_LEVEL = "-Onone";
			};
			name = Debug;
		};
		2D7E1B7F25D07CF900439293 /* Release */ = {
			isa = XCBuildConfiguration;
			buildSettings = {
				ALWAYS_SEARCH_USER_PATHS = NO;
				CLANG_ANALYZER_NONNULL = YES;
				CLANG_ANALYZER_NUMBER_OBJECT_CONVERSION = YES_AGGRESSIVE;
				CLANG_CXX_LANGUAGE_STANDARD = "gnu++14";
				CLANG_CXX_LIBRARY = "libc++";
				CLANG_ENABLE_MODULES = YES;
				CLANG_ENABLE_OBJC_ARC = YES;
				CLANG_ENABLE_OBJC_WEAK = YES;
				CLANG_WARN_BLOCK_CAPTURE_AUTORELEASING = YES;
				CLANG_WARN_BOOL_CONVERSION = YES;
				CLANG_WARN_COMMA = YES;
				CLANG_WARN_CONSTANT_CONVERSION = YES;
				CLANG_WARN_DEPRECATED_OBJC_IMPLEMENTATIONS = YES;
				CLANG_WARN_DIRECT_OBJC_ISA_USAGE = YES_ERROR;
				CLANG_WARN_DOCUMENTATION_COMMENTS = YES;
				CLANG_WARN_EMPTY_BODY = YES;
				CLANG_WARN_ENUM_CONVERSION = YES;
				CLANG_WARN_INFINITE_RECURSION = YES;
				CLANG_WARN_INT_CONVERSION = YES;
				CLANG_WARN_NON_LITERAL_NULL_CONVERSION = YES;
				CLANG_WARN_OBJC_IMPLICIT_RETAIN_SELF = YES;
				CLANG_WARN_OBJC_LITERAL_CONVERSION = YES;
				CLANG_WARN_OBJC_ROOT_CLASS = YES_ERROR;
				CLANG_WARN_QUOTED_INCLUDE_IN_FRAMEWORK_HEADER = YES;
				CLANG_WARN_RANGE_LOOP_ANALYSIS = YES;
				CLANG_WARN_STRICT_PROTOTYPES = YES;
				CLANG_WARN_SUSPICIOUS_MOVE = YES;
				CLANG_WARN_UNGUARDED_AVAILABILITY = YES_AGGRESSIVE;
				CLANG_WARN_UNREACHABLE_CODE = YES;
				CLANG_WARN__DUPLICATE_METHOD_MATCH = YES;
				COPY_PHASE_STRIP = NO;
				DEBUG_INFORMATION_FORMAT = "dwarf-with-dsym";
				ENABLE_NS_ASSERTIONS = NO;
				ENABLE_STRICT_OBJC_MSGSEND = YES;
				GCC_C_LANGUAGE_STANDARD = gnu11;
				GCC_NO_COMMON_BLOCKS = YES;
				GCC_WARN_64_TO_32_BIT_CONVERSION = YES;
				GCC_WARN_ABOUT_RETURN_TYPE = YES_ERROR;
				GCC_WARN_UNDECLARED_SELECTOR = YES;
				GCC_WARN_UNINITIALIZED_AUTOS = YES_AGGRESSIVE;
				GCC_WARN_UNUSED_FUNCTION = YES;
				GCC_WARN_UNUSED_VARIABLE = YES;
				IPHONEOS_DEPLOYMENT_TARGET = 14.4;
				MTL_ENABLE_DEBUG_INFO = NO;
				MTL_FAST_MATH = YES;
				SDKROOT = iphoneos;
				SWIFT_COMPILATION_MODE = wholemodule;
				SWIFT_OPTIMIZATION_LEVEL = "-O";
				VALIDATE_PRODUCT = YES;
			};
			name = Release;
		};
		2D7E1B8125D07CF900439293 /* Debug */ = {
			isa = XCBuildConfiguration;
			buildSettings = {
				ASSETCATALOG_COMPILER_APPICON_NAME = AppIcon;
				ASSETCATALOG_COMPILER_GLOBAL_ACCENT_COLOR_NAME = AccentColor;
				CODE_SIGN_STYLE = Automatic;
				INFOPLIST_FILE = "grocery list/Info.plist";
				LD_RUNPATH_SEARCH_PATHS = (
					"$(inherited)",
					"@executable_path/Frameworks",
				);
				PRODUCT_BUNDLE_IDENTIFIER = "Chelsea.grocery-list";
				PRODUCT_NAME = "$(TARGET_NAME)";
				SWIFT_VERSION = 5.0;
				TARGETED_DEVICE_FAMILY = "1,2";
			};
			name = Debug;
		};
		2D7E1B8225D07CF900439293 /* Release */ = {
			isa = XCBuildConfiguration;
			buildSettings = {
				ASSETCATALOG_COMPILER_APPICON_NAME = AppIcon;
				ASSETCATALOG_COMPILER_GLOBAL_ACCENT_COLOR_NAME = AccentColor;
				CODE_SIGN_STYLE = Automatic;
				INFOPLIST_FILE = "grocery list/Info.plist";
				LD_RUNPATH_SEARCH_PATHS = (
					"$(inherited)",
					"@executable_path/Frameworks",
				);
				PRODUCT_BUNDLE_IDENTIFIER = "Chelsea.grocery-list";
				PRODUCT_NAME = "$(TARGET_NAME)";
				SWIFT_VERSION = 5.0;
				TARGETED_DEVICE_FAMILY = "1,2";
			};
			name = Release;
		};
		2D7E1B8425D07CF900439293 /* Debug */ = {
			isa = XCBuildConfiguration;
			buildSettings = {
				ALWAYS_EMBED_SWIFT_STANDARD_LIBRARIES = YES;
				BUNDLE_LOADER = "$(TEST_HOST)";
				CODE_SIGN_STYLE = Automatic;
				INFOPLIST_FILE = "grocery listTests/Info.plist";
				IPHONEOS_DEPLOYMENT_TARGET = 14.4;
				LD_RUNPATH_SEARCH_PATHS = (
					"$(inherited)",
					"@executable_path/Frameworks",
					"@loader_path/Frameworks",
				);
				PRODUCT_BUNDLE_IDENTIFIER = "Chelsea.grocery-listTests";
				PRODUCT_NAME = "$(TARGET_NAME)";
				SWIFT_VERSION = 5.0;
				TARGETED_DEVICE_FAMILY = "1,2";
				TEST_HOST = "$(BUILT_PRODUCTS_DIR)/grocery list.app/grocery list";
			};
			name = Debug;
		};
		2D7E1B8525D07CF900439293 /* Release */ = {
			isa = XCBuildConfiguration;
			buildSettings = {
				ALWAYS_EMBED_SWIFT_STANDARD_LIBRARIES = YES;
				BUNDLE_LOADER = "$(TEST_HOST)";
				CODE_SIGN_STYLE = Automatic;
				INFOPLIST_FILE = "grocery listTests/Info.plist";
				IPHONEOS_DEPLOYMENT_TARGET = 14.4;
				LD_RUNPATH_SEARCH_PATHS = (
					"$(inherited)",
					"@executable_path/Frameworks",
					"@loader_path/Frameworks",
				);
				PRODUCT_BUNDLE_IDENTIFIER = "Chelsea.grocery-listTests";
				PRODUCT_NAME = "$(TARGET_NAME)";
				SWIFT_VERSION = 5.0;
				TARGETED_DEVICE_FAMILY = "1,2";
				TEST_HOST = "$(BUILT_PRODUCTS_DIR)/grocery list.app/grocery list";
			};
			name = Release;
		};
		2D7E1B8725D07CF900439293 /* Debug */ = {
			isa = XCBuildConfiguration;
			buildSettings = {
				ALWAYS_EMBED_SWIFT_STANDARD_LIBRARIES = YES;
				CODE_SIGN_STYLE = Automatic;
				INFOPLIST_FILE = "grocery listUITests/Info.plist";
				LD_RUNPATH_SEARCH_PATHS = (
					"$(inherited)",
					"@executable_path/Frameworks",
					"@loader_path/Frameworks",
				);
				PRODUCT_BUNDLE_IDENTIFIER = "Chelsea.grocery-listUITests";
				PRODUCT_NAME = "$(TARGET_NAME)";
				SWIFT_VERSION = 5.0;
				TARGETED_DEVICE_FAMILY = "1,2";
				TEST_TARGET_NAME = "grocery list";
			};
			name = Debug;
		};
		2D7E1B8825D07CF900439293 /* Release */ = {
			isa = XCBuildConfiguration;
			buildSettings = {
				ALWAYS_EMBED_SWIFT_STANDARD_LIBRARIES = YES;
				CODE_SIGN_STYLE = Automatic;
				INFOPLIST_FILE = "grocery listUITests/Info.plist";
				LD_RUNPATH_SEARCH_PATHS = (
					"$(inherited)",
					"@executable_path/Frameworks",
					"@loader_path/Frameworks",
				);
				PRODUCT_BUNDLE_IDENTIFIER = "Chelsea.grocery-listUITests";
				PRODUCT_NAME = "$(TARGET_NAME)";
				SWIFT_VERSION = 5.0;
				TARGETED_DEVICE_FAMILY = "1,2";
				TEST_TARGET_NAME = "grocery list";
			};
			name = Release;
		};
/* End XCBuildConfiguration section */

/* Begin XCConfigurationList section */
		2D7E1B5125D07CF300439293 /* Build configuration list for PBXProject "grocery list" */ = {
			isa = XCConfigurationList;
			buildConfigurations = (
				2D7E1B7E25D07CF900439293 /* Debug */,
				2D7E1B7F25D07CF900439293 /* Release */,
			);
			defaultConfigurationIsVisible = 0;
			defaultConfigurationName = Release;
		};
		2D7E1B8025D07CF900439293 /* Build configuration list for PBXNativeTarget "grocery list" */ = {
			isa = XCConfigurationList;
			buildConfigurations = (
				2D7E1B8125D07CF900439293 /* Debug */,
				2D7E1B8225D07CF900439293 /* Release */,
			);
			defaultConfigurationIsVisible = 0;
			defaultConfigurationName = Release;
		};
		2D7E1B8325D07CF900439293 /* Build configuration list for PBXNativeTarget "grocery listTests" */ = {
			isa = XCConfigurationList;
			buildConfigurations = (
				2D7E1B8425D07CF900439293 /* Debug */,
				2D7E1B8525D07CF900439293 /* Release */,
			);
			defaultConfigurationIsVisible = 0;
			defaultConfigurationName = Release;
		};
		2D7E1B8625D07CF900439293 /* Build configuration list for PBXNativeTarget "grocery listUITests" */ = {
			isa = XCConfigurationList;
			buildConfigurations = (
				2D7E1B8725D07CF900439293 /* Debug */,
				2D7E1B8825D07CF900439293 /* Release */,
			);
			defaultConfigurationIsVisible = 0;
			defaultConfigurationName = Release;
		};
/* End XCConfigurationList section */
	};
	rootObject = 2D7E1B4E25D07CF300439293 /* Project object */;
}
